
Microsoft Visual Studio Solution File, Format Version 12.00
# Visual Studio Version 16
VisualStudioVersion = 16.0.30204.135
MinimumVisualStudioVersion = 10.0.40219.1
Project("{FAE04EC0-301F-11D3-BF4B-00C04F79EFBC}") = "ControleAcesso", "ControleAcesso\ControleAcesso.csproj", "{82A33D18-085C-46FB-A901-F014AD6C1C30}"
EndProject
Global
	GlobalSection(SolutionConfigurationPlatforms) = preSolution
		Debug|Any CPU = Debug|Any CPU
		Release|Any CPU = Release|Any CPU
	EndGlobalSection
	GlobalSection(ProjectConfigurationPlatforms) = postSolution
		{82A33D18-085C-46FB-A901-F014AD6C1C30}.Debug|Any CPU.ActiveCfg = Debug|Any CPU
		{82A33D18-085C-46FB-A901-F014AD6C1C30}.Debug|Any CPU.Build.0 = Debug|Any CPU
		{82A33D18-085C-46FB-A901-F014AD6C1C30}.Release|Any CPU.ActiveCfg = Release|Any CPU
		{82A33D18-085C-46FB-A901-F014AD6C1C30}.Release|Any CPU.Build.0 = Release|Any CPU
	EndGlobalSection
	GlobalSection(SolutionProperties) = preSolution
		HideSolutionNode = FALSE
	EndGlobalSection
	GlobalSection(ExtensibilityGlobals) = postSolution
		SolutionGuid = {88CB7AF3-61C1-420D-85FC-7EFB30A314EE}
	EndGlobalSection
EndGlobal
